// !$*UTF8*$!
{
	archiveVersion = 1;
	classes = {
	};
	objectVersion = 77;
	objects = {

/* Begin PBXBuildFile section */
		251C6EED2E5CFB10005CAD0A /* AprilTagWrapper in Frameworks */ = {isa = PBXBuildFile; productRef = 251C6EEC2E5CFB10005CAD0A /* AprilTagWrapper */; };
/* End PBXBuildFile section */

/* Begin PBXContainerItemProxy section */
		251377462E4E113300F44B42 /* PBXContainerItemProxy */ = {
			isa = PBXContainerItemProxy;
			containerPortal = 2513772B2E4E113200F44B42 /* Project object */;
			proxyType = 1;
			remoteGlobalIDString = 251377322E4E113200F44B42;
			remoteInfo = sessionlinkingdemo;
		};
		251377502E4E113300F44B42 /* PBXContainerItemProxy */ = {
			isa = PBXContainerItemProxy;
			containerPortal = 2513772B2E4E113200F44B42 /* Project object */;
			proxyType = 1;
			remoteGlobalIDString = 251377322E4E113200F44B42;
			remoteInfo = sessionlinkingdemo;
		};
/* End PBXContainerItemProxy section */

/* Begin PBXFileReference section */
		251377332E4E113200F44B42 /* sessionlinkingdemo.app */ = {isa = PBXFileReference; explicitFileType = wrapper.application; includeInIndex = 0; path = sessionlinkingdemo.app; sourceTree = BUILT_PRODUCTS_DIR; };
		251377452E4E113300F44B42 /* sessionlinkingdemoTests.xctest */ = {isa = PBXFileReference; explicitFileType = wrapper.cfbundle; includeInIndex = 0; path = sessionlinkingdemoTests.xctest; sourceTree = BUILT_PRODUCTS_DIR; };
		2513774F2E4E113300F44B42 /* sessionlinkingdemoUITests.xctest */ = {isa = PBXFileReference; explicitFileType = wrapper.cfbundle; includeInIndex = 0; path = sessionlinkingdemoUITests.xctest; sourceTree = BUILT_PRODUCTS_DIR; };
/* End PBXFileReference section */

/* Begin PBXFileSystemSynchronizedBuildFileExceptionSet section */
		2513776E2E4E3D7C00F44B42 /* Exceptions for "sessionlinkingdemo" folder in "sessionlinkingdemo" target */ = {
			isa = PBXFileSystemSynchronizedBuildFileExceptionSet;
			membershipExceptions = (
				Info.plist,
			);
			target = 251377322E4E113200F44B42 /* sessionlinkingdemo */;
		};
/* End PBXFileSystemSynchronizedBuildFileExceptionSet section */

/* Begin PBXFileSystemSynchronizedRootGroup section */
		251377352E4E113200F44B42 /* sessionlinkingdemo */ = {
			isa = PBXFileSystemSynchronizedRootGroup;
			exceptions = (
				2513776E2E4E3D7C00F44B42 /* Exceptions for "sessionlinkingdemo" folder in "sessionlinkingdemo" target */,
			);
			path = sessionlinkingdemo;
			sourceTree = "<group>";
		};
		251377482E4E113300F44B42 /* sessionlinkingdemoTests */ = {
			isa = PBXFileSystemSynchronizedRootGroup;
			path = sessionlinkingdemoTests;
			sourceTree = "<group>";
		};
		251377522E4E113300F44B42 /* sessionlinkingdemoUITests */ = {
			isa = PBXFileSystemSynchronizedRootGroup;
			path = sessionlinkingdemoUITests;
			sourceTree = "<group>";
		};
/* End PBXFileSystemSynchronizedRootGroup section */

/* Begin PBXFrameworksBuildPhase section */
		251377302E4E113200F44B42 /* Frameworks */ = {
			isa = PBXFrameworksBuildPhase;
			buildActionMask = 2147483647;
			files = (
				251C6EED2E5CFB10005CAD0A /* AprilTagWrapper in Frameworks */,
			);
			runOnlyForDeploymentPostprocessing = 0;
		};
		251377422E4E113300F44B42 /* Frameworks */ = {
			isa = PBXFrameworksBuildPhase;
			buildActionMask = 2147483647;
			files = (
			);
			runOnlyForDeploymentPostprocessing = 0;
		};
		2513774C2E4E113300F44B42 /* Frameworks */ = {
			isa = PBXFrameworksBuildPhase;
			buildActionMask = 2147483647;
			files = (
			);
			runOnlyForDeploymentPostprocessing = 0;
		};
/* End PBXFrameworksBuildPhase section */

/* Begin PBXGroup section */
		2513772A2E4E113200F44B42 = {
			isa = PBXGroup;
			children = (
				251377352E4E113200F44B42 /* sessionlinkingdemo */,
				251377482E4E113300F44B42 /* sessionlinkingdemoTests */,
				251377522E4E113300F44B42 /* sessionlinkingdemoUITests */,
				251377342E4E113200F44B42 /* Products */,
			);
			sourceTree = "<group>";
		};
		251377342E4E113200F44B42 /* Products */ = {
			isa = PBXGroup;
			children = (
				251377332E4E113200F44B42 /* sessionlinkingdemo.app */,
				251377452E4E113300F44B42 /* sessionlinkingdemoTests.xctest */,
				2513774F2E4E113300F44B42 /* sessionlinkingdemoUITests.xctest */,
			);
			name = Products;
			sourceTree = "<group>";
		};
/* End PBXGroup section */

/* Begin PBXNativeTarget section */
		251377322E4E113200F44B42 /* sessionlinkingdemo */ = {
			isa = PBXNativeTarget;
			buildConfigurationList = 251377592E4E113300F44B42 /* Build configuration list for PBXNativeTarget "sessionlinkingdemo" */;
			buildPhases = (
				2513772F2E4E113200F44B42 /* Sources */,
				251377302E4E113200F44B42 /* Frameworks */,
				251377312E4E113200F44B42 /* Resources */,
			);
			buildRules = (
			);
			dependencies = (
			);
			fileSystemSynchronizedGroups = (
				251377352E4E113200F44B42 /* sessionlinkingdemo */,
			);
			name = sessionlinkingdemo;
			packageProductDependencies = (
				251C6EEC2E5CFB10005CAD0A /* AprilTagWrapper */,
			);
			productName = sessionlinkingdemo;
			productReference = 251377332E4E113200F44B42 /* sessionlinkingdemo.app */;
			productType = "com.apple.product-type.application";
		};
		251377442E4E113300F44B42 /* sessionlinkingdemoTests */ = {
			isa = PBXNativeTarget;
			buildConfigurationList = 2513775C2E4E113300F44B42 /* Build configuration list for PBXNativeTarget "sessionlinkingdemoTests" */;
			buildPhases = (
				251377412E4E113300F44B42 /* Sources */,
				251377422E4E113300F44B42 /* Frameworks */,
				251377432E4E113300F44B42 /* Resources */,
			);
			buildRules = (
			);
			dependencies = (
				251377472E4E113300F44B42 /* PBXTargetDependency */,
			);
			fileSystemSynchronizedGroups = (
				251377482E4E113300F44B42 /* sessionlinkingdemoTests */,
			);
			name = sessionlinkingdemoTests;
			packageProductDependencies = (
			);
			productName = sessionlinkingdemoTests;
			productReference = 251377452E4E113300F44B42 /* sessionlinkingdemoTests.xctest */;
			productType = "com.apple.product-type.bundle.unit-test";
		};
		2513774E2E4E113300F44B42 /* sessionlinkingdemoUITests */ = {
			isa = PBXNativeTarget;
			buildConfigurationList = 2513775F2E4E113300F44B42 /* Build configuration list for PBXNativeTarget "sessionlinkingdemoUITests" */;
			buildPhases = (
				2513774B2E4E113300F44B42 /* Sources */,
				2513774C2E4E113300F44B42 /* Frameworks */,
				2513774D2E4E113300F44B42 /* Resources */,
			);
			buildRules = (
			);
			dependencies = (
				251377512E4E113300F44B42 /* PBXTargetDependency */,
			);
			fileSystemSynchronizedGroups = (
				251377522E4E113300F44B42 /* sessionlinkingdemoUITests */,
			);
			name = sessionlinkingdemoUITests;
			packageProductDependencies = (
			);
			productName = sessionlinkingdemoUITests;
			productReference = 2513774F2E4E113300F44B42 /* sessionlinkingdemoUITests.xctest */;
			productType = "com.apple.product-type.bundle.ui-testing";
		};
/* End PBXNativeTarget section */

/* Begin PBXProject section */
		2513772B2E4E113200F44B42 /* Project object */ = {
			isa = PBXProject;
			attributes = {
				BuildIndependentTargetsInParallel = 1;
				LastSwiftUpdateCheck = 1600;
				LastUpgradeCheck = 1600;
				TargetAttributes = {
					251377322E4E113200F44B42 = {
						CreatedOnToolsVersion = 16.0;
					};
					251377442E4E113300F44B42 = {
						CreatedOnToolsVersion = 16.0;
						TestTargetID = 251377322E4E113200F44B42;
					};
					2513774E2E4E113300F44B42 = {
						CreatedOnToolsVersion = 16.0;
						TestTargetID = 251377322E4E113200F44B42;
					};
				};
			};
			buildConfigurationList = 2513772E2E4E113200F44B42 /* Build configuration list for PBXProject "sessionlinkingdemo" */;
			developmentRegion = en;
			hasScannedForEncodings = 0;
			knownRegions = (
				en,
				Base,
			);
			mainGroup = 2513772A2E4E113200F44B42;
			minimizedProjectReferenceProxies = 1;
			packageReferences = (
				251C6EEB2E5CFB10005CAD0A /* XCLocalSwiftPackageReference "../../AprilTagWrapper" */,
			);
			preferredProjectObjectVersion = 77;
			productRefGroup = 251377342E4E113200F44B42 /* Products */;
			projectDirPath = "";
			projectRoot = "";
			targets = (
				251377322E4E113200F44B42 /* sessionlinkingdemo */,
				251377442E4E113300F44B42 /* sessionlinkingdemoTests */,
				2513774E2E4E113300F44B42 /* sessionlinkingdemoUITests */,
			);
		};
/* End PBXProject section */

/* Begin PBXResourcesBuildPhase section */
		251377312E4E113200F44B42 /* Resources */ = {
			isa = PBXResourcesBuildPhase;
			buildActionMask = 2147483647;
			files = (
			);
			runOnlyForDeploymentPostprocessing = 0;
		};
		251377432E4E113300F44B42 /* Resources */ = {
			isa = PBXResourcesBuildPhase;
			buildActionMask = 2147483647;
			files = (
			);
			runOnlyForDeploymentPostprocessing = 0;
		};
		2513774D2E4E113300F44B42 /* Resources */ = {
			isa = PBXResourcesBuildPhase;
			buildActionMask = 2147483647;
			files = (
			);
			runOnlyForDeploymentPostprocessing = 0;
		};
/* End PBXResourcesBuildPhase section */

/* Begin PBXSourcesBuildPhase section */
		2513772F2E4E113200F44B42 /* Sources */ = {
			isa = PBXSourcesBuildPhase;
			buildActionMask = 2147483647;
			files = (
			);
			runOnlyForDeploymentPostprocessing = 0;
		};
		251377412E4E113300F44B42 /* Sources */ = {
			isa = PBXSourcesBuildPhase;
			buildActionMask = 2147483647;
			files = (
			);
			runOnlyForDeploymentPostprocessing = 0;
		};
		2513774B2E4E113300F44B42 /* Sources */ = {
			isa = PBXSourcesBuildPhase;
			buildActionMask = 2147483647;
			files = (
			);
			runOnlyForDeploymentPostprocessing = 0;
		};
/* End PBXSourcesBuildPhase section */

/* Begin PBXTargetDependency section */
		251377472E4E113300F44B42 /* PBXTargetDependency */ = {
			isa = PBXTargetDependency;
			target = 251377322E4E113200F44B42 /* sessionlinkingdemo */;
			targetProxy = 251377462E4E113300F44B42 /* PBXContainerItemProxy */;
		};
		251377512E4E113300F44B42 /* PBXTargetDependency */ = {
			isa = PBXTargetDependency;
			target = 251377322E4E113200F44B42 /* sessionlinkingdemo */;
			targetProxy = 251377502E4E113300F44B42 /* PBXContainerItemProxy */;
		};
/* End PBXTargetDependency section */

/* Begin XCBuildConfiguration section */
		251377572E4E113300F44B42 /* Debug */ = {
			isa = XCBuildConfiguration;
			buildSettings = {
				ALWAYS_SEARCH_USER_PATHS = NO;
				ASSETCATALOG_COMPILER_GENERATE_SWIFT_ASSET_SYMBOL_EXTENSIONS = YES;
				CLANG_ANALYZER_NONNULL = YES;
				CLANG_ANALYZER_NUMBER_OBJECT_CONVERSION = YES_AGGRESSIVE;
				CLANG_CXX_LANGUAGE_STANDARD = "gnu++20";
				CLANG_ENABLE_MODULES = YES;
				CLANG_ENABLE_OBJC_ARC = YES;
				CLANG_ENABLE_OBJC_WEAK = YES;
				CLANG_WARN_BLOCK_CAPTURE_AUTORELEASING = YES;
				CLANG_WARN_BOOL_CONVERSION = YES;
				CLANG_WARN_COMMA = YES;
				CLANG_WARN_CONSTANT_CONVERSION = YES;
				CLANG_WARN_DEPRECATED_OBJC_IMPLEMENTATIONS = YES;
				CLANG_WARN_DIRECT_OBJC_ISA_USAGE = YES_ERROR;
				CLANG_WARN_DOCUMENTATION_COMMENTS = YES;
				CLANG_WARN_EMPTY_BODY = YES;
				CLANG_WARN_ENUM_CONVERSION = YES;
				CLANG_WARN_INFINITE_RECURSION = YES;
				CLANG_WARN_INT_CONVERSION = YES;
				CLANG_WARN_NON_LITERAL_NULL_CONVERSION = YES;
				CLANG_WARN_OBJC_IMPLICIT_RETAIN_SELF = YES;
				CLANG_WARN_OBJC_LITERAL_CONVERSION = YES;
				CLANG_WARN_OBJC_ROOT_CLASS = YES_ERROR;
				CLANG_WARN_QUOTED_INCLUDE_IN_FRAMEWORK_HEADER = YES;
				CLANG_WARN_RANGE_LOOP_ANALYSIS = YES;
				CLANG_WARN_STRICT_PROTOTYPES = YES;
				CLANG_WARN_SUSPICIOUS_MOVE = YES;
				CLANG_WARN_UNGUARDED_AVAILABILITY = YES_AGGRESSIVE;
				CLANG_WARN_UNREACHABLE_CODE = YES;
				CLANG_WARN__DUPLICATE_METHOD_MATCH = YES;
				COPY_PHASE_STRIP = NO;
				DEBUG_INFORMATION_FORMAT = dwarf;
				ENABLE_STRICT_OBJC_MSGSEND = YES;
				ENABLE_TESTABILITY = YES;
				ENABLE_USER_SCRIPT_SANDBOXING = YES;
				GCC_C_LANGUAGE_STANDARD = gnu17;
				GCC_DYNAMIC_NO_PIC = NO;
				GCC_NO_COMMON_BLOCKS = YES;
				GCC_OPTIMIZATION_LEVEL = 0;
				GCC_PREPROCESSOR_DEFINITIONS = (
					"DEBUG=1",
					"$(inherited)",
				);
				GCC_WARN_64_TO_32_BIT_CONVERSION = YES;
				GCC_WARN_ABOUT_RETURN_TYPE = YES_ERROR;
				GCC_WARN_UNDECLARED_SELECTOR = YES;
				GCC_WARN_UNINITIALIZED_AUTOS = YES_AGGRESSIVE;
				GCC_WARN_UNUSED_FUNCTION = YES;
				GCC_WARN_UNUSED_VARIABLE = YES;
				IPHONEOS_DEPLOYMENT_TARGET = 18.0;
				LOCALIZATION_PREFERS_STRING_CATALOGS = YES;
				MTL_ENABLE_DEBUG_INFO = INCLUDE_SOURCE;
				MTL_FAST_MATH = YES;
				ONLY_ACTIVE_ARCH = YES;
				SDKROOT = iphoneos;
				SWIFT_ACTIVE_COMPILATION_CONDITIONS = "DEBUG $(inherited)";
				SWIFT_OPTIMIZATION_LEVEL = "-Onone";
			};
			name = Debug;
		};
		251377582E4E113300F44B42 /* Release */ = {
			isa = XCBuildConfiguration;
			buildSettings = {
				ALWAYS_SEARCH_USER_PATHS = NO;
				ASSETCATALOG_COMPILER_GENERATE_SWIFT_ASSET_SYMBOL_EXTENSIONS = YES;
				CLANG_ANALYZER_NONNULL = YES;
				CLANG_ANALYZER_NUMBER_OBJECT_CONVERSION = YES_AGGRESSIVE;
				CLANG_CXX_LANGUAGE_STANDARD = "gnu++20";
				CLANG_ENABLE_MODULES = YES;
				CLANG_ENABLE_OBJC_ARC = YES;
				CLANG_ENABLE_OBJC_WEAK = YES;
				CLANG_WARN_BLOCK_CAPTURE_AUTORELEASING = YES;
				CLANG_WARN_BOOL_CONVERSION = YES;
				CLANG_WARN_COMMA = YES;
				CLANG_WARN_CONSTANT_CONVERSION = YES;
				CLANG_WARN_DEPRECATED_OBJC_IMPLEMENTATIONS = YES;
				CLANG_WARN_DIRECT_OBJC_ISA_USAGE = YES_ERROR;
				CLANG_WARN_DOCUMENTATION_COMMENTS = YES;
				CLANG_WARN_EMPTY_BODY = YES;
				CLANG_WARN_ENUM_CONVERSION = YES;
				CLANG_WARN_INFINITE_RECURSION = YES;
				CLANG_WARN_INT_CONVERSION = YES;
				CLANG_WARN_NON_LITERAL_NULL_CONVERSION = YES;
				CLANG_WARN_OBJC_IMPLICIT_RETAIN_SELF = YES;
				CLANG_WARN_OBJC_LITERAL_CONVERSION = YES;
				CLANG_WARN_OBJC_ROOT_CLASS = YES_ERROR;
				CLANG_WARN_QUOTED_INCLUDE_IN_FRAMEWORK_HEADER = YES;
				CLANG_WARN_RANGE_LOOP_ANALYSIS = YES;
				CLANG_WARN_STRICT_PROTOTYPES = YES;
				CLANG_WARN_SUSPICIOUS_MOVE = YES;
				CLANG_WARN_UNGUARDED_AVAILABILITY = YES_AGGRESSIVE;
				CLANG_WARN_UNREACHABLE_CODE = YES;
				CLANG_WARN__DUPLICATE_METHOD_MATCH = YES;
				COPY_PHASE_STRIP = NO;
				DEBUG_INFORMATION_FORMAT = "dwarf-with-dsym";
				ENABLE_NS_ASSERTIONS = NO;
				ENABLE_STRICT_OBJC_MSGSEND = YES;
				ENABLE_USER_SCRIPT_SANDBOXING = YES;
				GCC_C_LANGUAGE_STANDARD = gnu17;
				GCC_NO_COMMON_BLOCKS = YES;
				GCC_WARN_64_TO_32_BIT_CONVERSION = YES;
				GCC_WARN_ABOUT_RETURN_TYPE = YES_ERROR;
				GCC_WARN_UNDECLARED_SELECTOR = YES;
				GCC_WARN_UNINITIALIZED_AUTOS = YES_AGGRESSIVE;
				GCC_WARN_UNUSED_FUNCTION = YES;
				GCC_WARN_UNUSED_VARIABLE = YES;
				IPHONEOS_DEPLOYMENT_TARGET = 18.0;
				LOCALIZATION_PREFERS_STRING_CATALOGS = YES;
				MTL_ENABLE_DEBUG_INFO = NO;
				MTL_FAST_MATH = YES;
				SDKROOT = iphoneos;
				SWIFT_COMPILATION_MODE = wholemodule;
				VALIDATE_PRODUCT = YES;
			};
			name = Release;
		};
		2513775A2E4E113300F44B42 /* Debug */ = {
			isa = XCBuildConfiguration;
			buildSettings = {
				ASSETCATALOG_COMPILER_APPICON_NAME = AppIcon;
				ASSETCATALOG_COMPILER_GLOBAL_ACCENT_COLOR_NAME = AccentColor;
				CODE_SIGN_STYLE = Automatic;
				CURRENT_PROJECT_VERSION = 1;
				DEVELOPMENT_ASSET_PATHS = "\"sessionlinkingdemo/Preview Content\"";
				DEVELOPMENT_TEAM = UT4A6DW9C9;
				ENABLE_PREVIEWS = YES;
				GENERATE_INFOPLIST_FILE = YES;
				INFOPLIST_FILE = sessionlinkingdemo/Info.plist;
				INFOPLIST_KEY_NSCameraUsageDescription = "Need photos";
				INFOPLIST_KEY_NSPhotoLibraryAddUsageDescription = "Need to add";
				INFOPLIST_KEY_UIApplicationSceneManifest_Generation = YES;
				INFOPLIST_KEY_UIApplicationSupportsIndirectInputEvents = YES;
				INFOPLIST_KEY_UILaunchScreen_Generation = YES;
				INFOPLIST_KEY_UISupportedInterfaceOrientations_iPad = "UIInterfaceOrientationPortrait UIInterfaceOrientationPortraitUpsideDown UIInterfaceOrientationLandscapeLeft UIInterfaceOrientationLandscapeRight";
				INFOPLIST_KEY_UISupportedInterfaceOrientations_iPhone = "UIInterfaceOrientationPortrait UIInterfaceOrientationLandscapeLeft UIInterfaceOrientationLandscapeRight";
				LD_RUNPATH_SEARCH_PATHS = (
					"$(inherited)",
					"@executable_path/Frameworks",
				);
				MARKETING_VERSION = 1.0;
				OTHER_LDFLAGS = "-lm";
				PRODUCT_BUNDLE_IDENTIFIER = hcos.sessionlinkingdemo;
				PRODUCT_NAME = "$(TARGET_NAME)";
				SWIFT_EMIT_LOC_STRINGS = YES;
				SWIFT_OBJC_BRIDGING_HEADER = "$(PROJECT_DIR)/sessionlinkingdemo/Session-Bridging-Header.h";
				SWIFT_VERSION = 5.0;
				TARGETED_DEVICE_FAMILY = "1,2";
			};
			name = Debug;
		};
		2513775B2E4E113300F44B42 /* Release */ = {
			isa = XCBuildConfiguration;
			buildSettings = {
				ASSETCATALOG_COMPILER_APPICON_NAME = AppIcon;
				ASSETCATALOG_COMPILER_GLOBAL_ACCENT_COLOR_NAME = AccentColor;
				CODE_SIGN_STYLE = Automatic;
				CURRENT_PROJECT_VERSION = 1;
				DEVELOPMENT_ASSET_PATHS = "\"sessionlinkingdemo/Preview Content\"";
				DEVELOPMENT_TEAM = UT4A6DW9C9;
				ENABLE_PREVIEWS = YES;
				GENERATE_INFOPLIST_FILE = YES;
				INFOPLIST_FILE = sessionlinkingdemo/Info.plist;
				INFOPLIST_KEY_NSCameraUsageDescription = "Need photos";
				INFOPLIST_KEY_NSPhotoLibraryAddUsageDescription = "Need to add";
				INFOPLIST_KEY_UIApplicationSceneManifest_Generation = YES;
				INFOPLIST_KEY_UIApplicationSupportsIndirectInputEvents = YES;
				INFOPLIST_KEY_UILaunchScreen_Generation = YES;
				INFOPLIST_KEY_UISupportedInterfaceOrientations_iPad = "UIInterfaceOrientationPortrait UIInterfaceOrientationPortraitUpsideDown UIInterfaceOrientationLandscapeLeft UIInterfaceOrientationLandscapeRight";
				INFOPLIST_KEY_UISupportedInterfaceOrientations_iPhone = "UIInterfaceOrientationPortrait UIInterfaceOrientationLandscapeLeft UIInterfaceOrientationLandscapeRight";
				LD_RUNPATH_SEARCH_PATHS = (
					"$(inherited)",
					"@executable_path/Frameworks",
				);
				MARKETING_VERSION = 1.0;
				OTHER_LDFLAGS = "-lm";
				PRODUCT_BUNDLE_IDENTIFIER = hcos.sessionlinkingdemo;
				PRODUCT_NAME = "$(TARGET_NAME)";
				SWIFT_EMIT_LOC_STRINGS = YES;
				SWIFT_OBJC_BRIDGING_HEADER = "$(PROJECT_DIR)/sessionlinkingdemo/Session-Bridging-Header.h";
				SWIFT_VERSION = 5.0;
				TARGETED_DEVICE_FAMILY = "1,2";
			};
			name = Release;
		};
		2513775D2E4E113300F44B42 /* Debug */ = {
			isa = XCBuildConfiguration;
			buildSettings = {
				BUNDLE_LOADER = "$(TEST_HOST)";
				CODE_SIGN_STYLE = Automatic;
				CURRENT_PROJECT_VERSION = 1;
				GENERATE_INFOPLIST_FILE = YES;
				IPHONEOS_DEPLOYMENT_TARGET = 18.0;
				MARKETING_VERSION = 1.0;
				PRODUCT_BUNDLE_IDENTIFIER = hcos.sessionlinkingdemoTests;
				PRODUCT_NAME = "$(TARGET_NAME)";
				SWIFT_EMIT_LOC_STRINGS = NO;
				SWIFT_VERSION = 5.0;
				TARGETED_DEVICE_FAMILY = "1,2";
				TEST_HOST = "$(BUILT_PRODUCTS_DIR)/sessionlinkingdemo.app/$(BUNDLE_EXECUTABLE_FOLDER_PATH)/sessionlinkingdemo";
			};
			name = Debug;
		};
		2513775E2E4E113300F44B42 /* Release */ = {
			isa = XCBuildConfiguration;
			buildSettings = {
				BUNDLE_LOADER = "$(TEST_HOST)";
				CODE_SIGN_STYLE = Automatic;
				CURRENT_PROJECT_VERSION = 1;
				GENERATE_INFOPLIST_FILE = YES;
				IPHONEOS_DEPLOYMENT_TARGET = 18.0;
				MARKETING_VERSION = 1.0;
				PRODUCT_BUNDLE_IDENTIFIER = hcos.sessionlinkingdemoTests;
				PRODUCT_NAME = "$(TARGET_NAME)";
				SWIFT_EMIT_LOC_STRINGS = NO;
				SWIFT_VERSION = 5.0;
				TARGETED_DEVICE_FAMILY = "1,2";
				TEST_HOST = "$(BUILT_PRODUCTS_DIR)/sessionlinkingdemo.app/$(BUNDLE_EXECUTABLE_FOLDER_PATH)/sessionlinkingdemo";
			};
			name = Release;
		};
		251377602E4E113300F44B42 /* Debug */ = {
			isa = XCBuildConfiguration;
			buildSettings = {
				CODE_SIGN_STYLE = Automatic;
				CURRENT_PROJECT_VERSION = 1;
				GENERATE_INFOPLIST_FILE = YES;
				MARKETING_VERSION = 1.0;
				PRODUCT_BUNDLE_IDENTIFIER = hcos.sessionlinkingdemoUITests;
				PRODUCT_NAME = "$(TARGET_NAME)";
				SWIFT_EMIT_LOC_STRINGS = NO;
				SWIFT_VERSION = 5.0;
				TARGETED_DEVICE_FAMILY = "1,2";
				TEST_TARGET_NAME = sessionlinkingdemo;
			};
			name = Debug;
		};
		251377612E4E113300F44B42 /* Release */ = {
			isa = XCBuildConfiguration;
			buildSettings = {
				CODE_SIGN_STYLE = Automatic;
				CURRENT_PROJECT_VERSION = 1;
				GENERATE_INFOPLIST_FILE = YES;
				MARKETING_VERSION = 1.0;
				PRODUCT_BUNDLE_IDENTIFIER = hcos.sessionlinkingdemoUITests;
				PRODUCT_NAME = "$(TARGET_NAME)";
				SWIFT_EMIT_LOC_STRINGS = NO;
				SWIFT_VERSION = 5.0;
				TARGETED_DEVICE_FAMILY = "1,2";
				TEST_TARGET_NAME = sessionlinkingdemo;
			};
			name = Release;
		};
/* End XCBuildConfiguration section */

/* Begin XCConfigurationList section */
		2513772E2E4E113200F44B42 /* Build configuration list for PBXProject "sessionlinkingdemo" */ = {
			isa = XCConfigurationList;
			buildConfigurations = (
				251377572E4E113300F44B42 /* Debug */,
				251377582E4E113300F44B42 /* Release */,
			);
			defaultConfigurationIsVisible = 0;
			defaultConfigurationName = Release;
		};
		251377592E4E113300F44B42 /* Build configuration list for PBXNativeTarget "sessionlinkingdemo" */ = {
			isa = XCConfigurationList;
			buildConfigurations = (
				2513775A2E4E113300F44B42 /* Debug */,
				2513775B2E4E113300F44B42 /* Release */,
			);
			defaultConfigurationIsVisible = 0;
			defaultConfigurationName = Release;
		};
		2513775C2E4E113300F44B42 /* Build configuration list for PBXNativeTarget "sessionlinkingdemoTests" */ = {
			isa = XCConfigurationList;
			buildConfigurations = (
				2513775D2E4E113300F44B42 /* Debug */,
				2513775E2E4E113300F44B42 /* Release */,
			);
			defaultConfigurationIsVisible = 0;
			defaultConfigurationName = Release;
		};
		2513775F2E4E113300F44B42 /* Build configuration list for PBXNativeTarget "sessionlinkingdemoUITests" */ = {
			isa = XCConfigurationList;
			buildConfigurations = (
				251377602E4E113300F44B42 /* Debug */,
				251377612E4E113300F44B42 /* Release */,
			);
			defaultConfigurationIsVisible = 0;
			defaultConfigurationName = Release;
		};
/* End XCConfigurationList section */

/* Begin XCLocalSwiftPackageReference section */
		251C6EEB2E5CFB10005CAD0A /* XCLocalSwiftPackageReference "../../AprilTagWrapper" */ = {
			isa = XCLocalSwiftPackageReference;
			relativePath = ../../AprilTagWrapper;
		};
/* End XCLocalSwiftPackageReference section */

/* Begin XCSwiftPackageProductDependency section */
		251C6EEC2E5CFB10005CAD0A /* AprilTagWrapper */ = {
			isa = XCSwiftPackageProductDependency;
			productName = AprilTagWrapper;
		};
/* End XCSwiftPackageProductDependency section */
	};
	rootObject = 2513772B2E4E113200F44B42 /* Project object */;
}
